// !$*UTF8*$!
{
	archiveVersion = 1;
	classes = {
	};
	objectVersion = 46;
	objects = {

/* Begin PBXBuildFile section */
		7F2A948B1C1FB21B0043C915 /* main.m in Sources */ = {isa = PBXBuildFile; fileRef = 7F2A948A1C1FB21B0043C915 /* main.m */; };
		7F2A948E1C1FB21B0043C915 /* AppDelegate.m in Sources */ = {isa = PBXBuildFile; fileRef = 7F2A948D1C1FB21B0043C915 /* AppDelegate.m */; };
		7F2A94911C1FB21B0043C915 /* ViewController.m in Sources */ = {isa = PBXBuildFile; fileRef = 7F2A94901C1FB21B0043C915 /* ViewController.m */; };
		7F2A94941C1FB21B0043C915 /* Main.storyboard in Resources */ = {isa = PBXBuildFile; fileRef = 7F2A94921C1FB21B0043C915 /* Main.storyboard */; };
		7F2A94961C1FB21B0043C915 /* Images.xcassets in Resources */ = {isa = PBXBuildFile; fileRef = 7F2A94951C1FB21B0043C915 /* Images.xcassets */; };
		7F2A94991C1FB21B0043C915 /* LaunchScreen.xib in Resources */ = {isa = PBXBuildFile; fileRef = 7F2A94971C1FB21B0043C915 /* LaunchScreen.xib */; };
		7F2A94B61C1FB2900043C915 /* ConjugatorSharedLibrary.h in Headers */ = {isa = PBXBuildFile; fileRef = 7F2A94B51C1FB2900043C915 /* ConjugatorSharedLibrary.h */; settings = {ATTRIBUTES = (Public, ); }; };
		7F2A94BC1C1FB2910043C915 /* ConjugatorSharedLibrary.framework in Frameworks */ = {isa = PBXBuildFile; fileRef = 7F2A94B11C1FB2900043C915 /* ConjugatorSharedLibrary.framework */; };
		7F2A94C51C1FB2910043C915 /* ConjugatorSharedLibraryTests.m in Sources */ = {isa = PBXBuildFile; fileRef = 7F2A94C41C1FB2910043C915 /* ConjugatorSharedLibraryTests.m */; };
		7F2A94C81C1FB2910043C915 /* ConjugatorSharedLibrary.framework in Frameworks */ = {isa = PBXBuildFile; fileRef = 7F2A94B11C1FB2900043C915 /* ConjugatorSharedLibrary.framework */; };
		7F2A94C91C1FB2910043C915 /* ConjugatorSharedLibrary.framework in Embed Frameworks */ = {isa = PBXBuildFile; fileRef = 7F2A94B11C1FB2900043C915 /* ConjugatorSharedLibrary.framework */; settings = {ATTRIBUTES = (CodeSignOnCopy, RemoveHeadersOnCopy, ); }; };
		7F2A94D31C1FB2AD0043C915 /* Conjugator.h in Headers */ = {isa = PBXBuildFile; fileRef = 7F2A94D11C1FB2AD0043C915 /* Conjugator.h */; settings = {ATTRIBUTES = (Public, ); }; };
		7F2A94D41C1FB2AD0043C915 /* Conjugator.m in Sources */ = {isa = PBXBuildFile; fileRef = 7F2A94D21C1FB2AD0043C915 /* Conjugator.m */; };
		7F2A94D61C1FB2F40043C915 /* verbs.xml in Resources */ = {isa = PBXBuildFile; fileRef = 7F2A94D51C1FB2B90043C915 /* verbs.xml */; };
		7F82ED911C1FE7540091FA30 /* ConjugatorStaticLibrary.h in CopyFiles */ = {isa = PBXBuildFile; fileRef = 7F82ED901C1FE7540091FA30 /* ConjugatorStaticLibrary.h */; };
		7F82ED931C1FE7540091FA30 /* ConjugatorStaticLibrary.m in Sources */ = {isa = PBXBuildFile; fileRef = 7F82ED921C1FE7540091FA30 /* ConjugatorStaticLibrary.m */; };
		7F82ED971C1FE7610091FA30 /* Conjugator.m in Sources */ = {isa = PBXBuildFile; fileRef = 7F2A94D21C1FB2AD0043C915 /* Conjugator.m */; };
/* End PBXBuildFile section */

/* Begin PBXContainerItemProxy section */
		7F2A94BD1C1FB2910043C915 /* PBXContainerItemProxy */ = {
			isa = PBXContainerItemProxy;
			containerPortal = 7F2A943E1C1FB0B90043C915 /* Project object */;
			proxyType = 1;
			remoteGlobalIDString = 7F2A94B01C1FB2900043C915;
			remoteInfo = ConjugatorSharedLibrary;
		};
		7F2A94BF1C1FB2910043C915 /* PBXContainerItemProxy */ = {
			isa = PBXContainerItemProxy;
			containerPortal = 7F2A943E1C1FB0B90043C915 /* Project object */;
			proxyType = 1;
			remoteGlobalIDString = 7F2A94851C1FB21B0043C915;
			remoteInfo = SampleApplication;
		};
		7F2A94C61C1FB2910043C915 /* PBXContainerItemProxy */ = {
			isa = PBXContainerItemProxy;
			containerPortal = 7F2A943E1C1FB0B90043C915 /* Project object */;
			proxyType = 1;
			remoteGlobalIDString = 7F2A94B01C1FB2900043C915;
			remoteInfo = ConjugatorSharedLibrary;
		};
/* End PBXContainerItemProxy section */

/* Begin PBXCopyFilesBuildPhase section */
		7F2A94CD1C1FB2910043C915 /* Embed Frameworks */ = {
			isa = PBXCopyFilesBuildPhase;
			buildActionMask = 2147483647;
			dstPath = "";
			dstSubfolderSpec = 10;
			files = (
				7F2A94C91C1FB2910043C915 /* ConjugatorSharedLibrary.framework in Embed Frameworks */,
			);
			name = "Embed Frameworks";
			runOnlyForDeploymentPostprocessing = 0;
		};
		7F82ED8C1C1FE7540091FA30 /* CopyFiles */ = {
			isa = PBXCopyFilesBuildPhase;
			buildActionMask = 2147483647;
			dstPath = "include/$(PRODUCT_NAME)";
			dstSubfolderSpec = 16;
			files = (
				7F82ED911C1FE7540091FA30 /* ConjugatorStaticLibrary.h in CopyFiles */,
			);
			runOnlyForDeploymentPostprocessing = 0;
		};
/* End PBXCopyFilesBuildPhase section */

/* Begin PBXFileReference section */
		7F2A94861C1FB21B0043C915 /* SampleApplication.app */ = {isa = PBXFileReference; explicitFileType = wrapper.application; includeInIndex = 0; path = SampleApplication.app; sourceTree = BUILT_PRODUCTS_DIR; };
		7F2A94891C1FB21B0043C915 /* Info.plist */ = {isa = PBXFileReference; lastKnownFileType = text.plist.xml; path = Info.plist; sourceTree = "<group>"; };
		7F2A948A1C1FB21B0043C915 /* main.m */ = {isa = PBXFileReference; lastKnownFileType = sourcecode.c.objc; path = main.m; sourceTree = "<group>"; };
		7F2A948C1C1FB21B0043C915 /* AppDelegate.h */ = {isa = PBXFileReference; lastKnownFileType = sourcecode.c.h; path = AppDelegate.h; sourceTree = "<group>"; };
		7F2A948D1C1FB21B0043C915 /* AppDelegate.m */ = {isa = PBXFileReference; lastKnownFileType = sourcecode.c.objc; path = AppDelegate.m; sourceTree = "<group>"; };
		7F2A948F1C1FB21B0043C915 /* ViewController.h */ = {isa = PBXFileReference; lastKnownFileType = sourcecode.c.h; path = ViewController.h; sourceTree = "<group>"; };
		7F2A94901C1FB21B0043C915 /* ViewController.m */ = {isa = PBXFileReference; lastKnownFileType = sourcecode.c.objc; path = ViewController.m; sourceTree = "<group>"; };
		7F2A94931C1FB21B0043C915 /* Base */ = {isa = PBXFileReference; lastKnownFileType = file.storyboard; name = Base; path = Base.lproj/Main.storyboard; sourceTree = "<group>"; };
		7F2A94951C1FB21B0043C915 /* Images.xcassets */ = {isa = PBXFileReference; lastKnownFileType = folder.assetcatalog; path = Images.xcassets; sourceTree = "<group>"; };
		7F2A94981C1FB21B0043C915 /* Base */ = {isa = PBXFileReference; lastKnownFileType = file.xib; name = Base; path = Base.lproj/LaunchScreen.xib; sourceTree = "<group>"; };
		7F2A94B11C1FB2900043C915 /* ConjugatorSharedLibrary.framework */ = {isa = PBXFileReference; explicitFileType = wrapper.framework; includeInIndex = 0; path = ConjugatorSharedLibrary.framework; sourceTree = BUILT_PRODUCTS_DIR; };
		7F2A94B41C1FB2900043C915 /* Info.plist */ = {isa = PBXFileReference; lastKnownFileType = text.plist.xml; path = Info.plist; sourceTree = "<group>"; };
		7F2A94B51C1FB2900043C915 /* ConjugatorSharedLibrary.h */ = {isa = PBXFileReference; lastKnownFileType = sourcecode.c.h; path = ConjugatorSharedLibrary.h; sourceTree = "<group>"; };
		7F2A94BB1C1FB2900043C915 /* ConjugatorSharedLibraryTests.xctest */ = {isa = PBXFileReference; explicitFileType = wrapper.cfbundle; includeInIndex = 0; path = ConjugatorSharedLibraryTests.xctest; sourceTree = BUILT_PRODUCTS_DIR; };
		7F2A94C31C1FB2910043C915 /* Info.plist */ = {isa = PBXFileReference; lastKnownFileType = text.plist.xml; path = Info.plist; sourceTree = "<group>"; };
		7F2A94C41C1FB2910043C915 /* ConjugatorSharedLibraryTests.m */ = {isa = PBXFileReference; lastKnownFileType = sourcecode.c.objc; path = ConjugatorSharedLibraryTests.m; sourceTree = "<group>"; };
		7F2A94D11C1FB2AD0043C915 /* Conjugator.h */ = {isa = PBXFileReference; fileEncoding = 4; lastKnownFileType = sourcecode.c.h; path = Conjugator.h; sourceTree = "<group>"; };
		7F2A94D21C1FB2AD0043C915 /* Conjugator.m */ = {isa = PBXFileReference; fileEncoding = 4; lastKnownFileType = sourcecode.c.objc; path = Conjugator.m; sourceTree = "<group>"; };
		7F2A94D51C1FB2B90043C915 /* verbs.xml */ = {isa = PBXFileReference; lastKnownFileType = text.xml; path = verbs.xml; sourceTree = "<group>"; };
		7F82ED8E1C1FE7540091FA30 /* libConjugatorStaticLibrary.a */ = {isa = PBXFileReference; explicitFileType = archive.ar; includeInIndex = 0; path = libConjugatorStaticLibrary.a; sourceTree = BUILT_PRODUCTS_DIR; };
		7F82ED901C1FE7540091FA30 /* ConjugatorStaticLibrary.h */ = {isa = PBXFileReference; lastKnownFileType = sourcecode.c.h; path = ConjugatorStaticLibrary.h; sourceTree = "<group>"; };
		7F82ED921C1FE7540091FA30 /* ConjugatorStaticLibrary.m */ = {isa = PBXFileReference; lastKnownFileType = sourcecode.c.objc; path = ConjugatorStaticLibrary.m; sourceTree = "<group>"; };
/* End PBXFileReference section */

/* Begin PBXFrameworksBuildPhase section */
		7F2A94831C1FB21B0043C915 /* Frameworks */ = {
			isa = PBXFrameworksBuildPhase;
			buildActionMask = 2147483647;
			files = (
				7F2A94C81C1FB2910043C915 /* ConjugatorSharedLibrary.framework in Frameworks */,
			);
			runOnlyForDeploymentPostprocessing = 0;
		};
		7F2A94AD1C1FB2900043C915 /* Frameworks */ = {
			isa = PBXFrameworksBuildPhase;
			buildActionMask = 2147483647;
			files = (
			);
			runOnlyForDeploymentPostprocessing = 0;
		};
		7F2A94B81C1FB2900043C915 /* Frameworks */ = {
			isa = PBXFrameworksBuildPhase;
			buildActionMask = 2147483647;
			files = (
				7F2A94BC1C1FB2910043C915 /* ConjugatorSharedLibrary.framework in Frameworks */,
			);
			runOnlyForDeploymentPostprocessing = 0;
		};
		7F82ED8B1C1FE7540091FA30 /* Frameworks */ = {
			isa = PBXFrameworksBuildPhase;
			buildActionMask = 2147483647;
			files = (
			);
			runOnlyForDeploymentPostprocessing = 0;
		};
/* End PBXFrameworksBuildPhase section */

/* Begin PBXGroup section */
		7F2A943D1C1FB0B90043C915 = {
			isa = PBXGroup;
			children = (
				7F2A94871C1FB21B0043C915 /* SampleApplication */,
				7F2A94B21C1FB2900043C915 /* ConjugatorSharedLibrary */,
				7F2A94C11C1FB2910043C915 /* ConjugatorSharedLibraryTests */,
				7F82ED8F1C1FE7540091FA30 /* ConjugatorStaticLibrary */,
				7F2A94471C1FB0B90043C915 /* Products */,
			);
			sourceTree = "<group>";
		};
		7F2A94471C1FB0B90043C915 /* Products */ = {
			isa = PBXGroup;
			children = (
				7F2A94861C1FB21B0043C915 /* SampleApplication.app */,
				7F2A94B11C1FB2900043C915 /* ConjugatorSharedLibrary.framework */,
				7F2A94BB1C1FB2900043C915 /* ConjugatorSharedLibraryTests.xctest */,
				7F82ED8E1C1FE7540091FA30 /* libConjugatorStaticLibrary.a */,
			);
			name = Products;
			sourceTree = "<group>";
		};
		7F2A94871C1FB21B0043C915 /* SampleApplication */ = {
			isa = PBXGroup;
			children = (
				7F2A948C1C1FB21B0043C915 /* AppDelegate.h */,
				7F2A948D1C1FB21B0043C915 /* AppDelegate.m */,
				7F2A948F1C1FB21B0043C915 /* ViewController.h */,
				7F2A94901C1FB21B0043C915 /* ViewController.m */,
				7F2A94921C1FB21B0043C915 /* Main.storyboard */,
				7F2A94951C1FB21B0043C915 /* Images.xcassets */,
				7F2A94971C1FB21B0043C915 /* LaunchScreen.xib */,
				7F2A94881C1FB21B0043C915 /* Supporting Files */,
			);
			path = SampleApplication;
			sourceTree = "<group>";
		};
		7F2A94881C1FB21B0043C915 /* Supporting Files */ = {
			isa = PBXGroup;
			children = (
				7F2A94891C1FB21B0043C915 /* Info.plist */,
				7F2A948A1C1FB21B0043C915 /* main.m */,
			);
			name = "Supporting Files";
			sourceTree = "<group>";
		};
		7F2A94B21C1FB2900043C915 /* ConjugatorSharedLibrary */ = {
			isa = PBXGroup;
			children = (
				7F2A94D11C1FB2AD0043C915 /* Conjugator.h */,
				7F2A94D21C1FB2AD0043C915 /* Conjugator.m */,
				7F2A94D51C1FB2B90043C915 /* verbs.xml */,
				7F2A94B51C1FB2900043C915 /* ConjugatorSharedLibrary.h */,
				7F2A94B31C1FB2900043C915 /* Supporting Files */,
			);
			path = ConjugatorSharedLibrary;
			sourceTree = "<group>";
		};
		7F2A94B31C1FB2900043C915 /* Supporting Files */ = {
			isa = PBXGroup;
			children = (
				7F2A94B41C1FB2900043C915 /* Info.plist */,
			);
			name = "Supporting Files";
			sourceTree = "<group>";
		};
		7F2A94C11C1FB2910043C915 /* ConjugatorSharedLibraryTests */ = {
			isa = PBXGroup;
			children = (
				7F2A94C41C1FB2910043C915 /* ConjugatorSharedLibraryTests.m */,
				7F2A94C21C1FB2910043C915 /* Supporting Files */,
			);
			path = ConjugatorSharedLibraryTests;
			sourceTree = "<group>";
		};
		7F2A94C21C1FB2910043C915 /* Supporting Files */ = {
			isa = PBXGroup;
			children = (
				7F2A94C31C1FB2910043C915 /* Info.plist */,
			);
			name = "Supporting Files";
			sourceTree = "<group>";
		};
		7F82ED8F1C1FE7540091FA30 /* ConjugatorStaticLibrary */ = {
			isa = PBXGroup;
			children = (
				7F82ED901C1FE7540091FA30 /* ConjugatorStaticLibrary.h */,
				7F82ED921C1FE7540091FA30 /* ConjugatorStaticLibrary.m */,
			);
			path = ConjugatorStaticLibrary;
			sourceTree = "<group>";
		};
/* End PBXGroup section */

/* Begin PBXHeadersBuildPhase section */
		7F2A94AE1C1FB2900043C915 /* Headers */ = {
			isa = PBXHeadersBuildPhase;
			buildActionMask = 2147483647;
			files = (
				7F2A94D31C1FB2AD0043C915 /* Conjugator.h in Headers */,
				7F2A94B61C1FB2900043C915 /* ConjugatorSharedLibrary.h in Headers */,
			);
			runOnlyForDeploymentPostprocessing = 0;
		};
/* End PBXHeadersBuildPhase section */

/* Begin PBXNativeTarget section */
		7F2A94851C1FB21B0043C915 /* SampleApplication */ = {
			isa = PBXNativeTarget;
			buildConfigurationList = 7F2A94A61C1FB21C0043C915 /* Build configuration list for PBXNativeTarget "SampleApplication" */;
			buildPhases = (
				7F2A94821C1FB21B0043C915 /* Sources */,
				7F2A94831C1FB21B0043C915 /* Frameworks */,
				7F2A94841C1FB21B0043C915 /* Resources */,
				7F2A94CD1C1FB2910043C915 /* Embed Frameworks */,
			);
			buildRules = (
			);
			dependencies = (
				7F2A94C71C1FB2910043C915 /* PBXTargetDependency */,
			);
			name = SampleApplication;
			productName = SampleApplication;
			productReference = 7F2A94861C1FB21B0043C915 /* SampleApplication.app */;
			productType = "com.apple.product-type.application";
		};
		7F2A94B01C1FB2900043C915 /* ConjugatorSharedLibrary */ = {
			isa = PBXNativeTarget;
			buildConfigurationList = 7F2A94CA1C1FB2910043C915 /* Build configuration list for PBXNativeTarget "ConjugatorSharedLibrary" */;
			buildPhases = (
				7F2A94AC1C1FB2900043C915 /* Sources */,
				7F2A94AD1C1FB2900043C915 /* Frameworks */,
				7F2A94AE1C1FB2900043C915 /* Headers */,
				7F2A94AF1C1FB2900043C915 /* Resources */,
			);
			buildRules = (
			);
			dependencies = (
			);
			name = ConjugatorSharedLibrary;
			productName = ConjugatorSharedLibrary;
			productReference = 7F2A94B11C1FB2900043C915 /* ConjugatorSharedLibrary.framework */;
			productType = "com.apple.product-type.framework";
		};
		7F2A94BA1C1FB2900043C915 /* ConjugatorSharedLibraryTests */ = {
			isa = PBXNativeTarget;
			buildConfigurationList = 7F2A94CE1C1FB2910043C915 /* Build configuration list for PBXNativeTarget "ConjugatorSharedLibraryTests" */;
			buildPhases = (
				7F2A94B71C1FB2900043C915 /* Sources */,
				7F2A94B81C1FB2900043C915 /* Frameworks */,
				7F2A94B91C1FB2900043C915 /* Resources */,
			);
			buildRules = (
			);
			dependencies = (
				7F2A94BE1C1FB2910043C915 /* PBXTargetDependency */,
				7F2A94C01C1FB2910043C915 /* PBXTargetDependency */,
			);
			name = ConjugatorSharedLibraryTests;
			productName = ConjugatorSharedLibraryTests;
			productReference = 7F2A94BB1C1FB2900043C915 /* ConjugatorSharedLibraryTests.xctest */;
			productType = "com.apple.product-type.bundle.unit-test";
		};
		7F82ED8D1C1FE7540091FA30 /* ConjugatorStaticLibrary */ = {
			isa = PBXNativeTarget;
			buildConfigurationList = 7F82ED961C1FE7540091FA30 /* Build configuration list for PBXNativeTarget "ConjugatorStaticLibrary" */;
			buildPhases = (
				7F82ED8A1C1FE7540091FA30 /* Sources */,
				7F82ED8B1C1FE7540091FA30 /* Frameworks */,
				7F82ED8C1C1FE7540091FA30 /* CopyFiles */,
			);
			buildRules = (
			);
			dependencies = (
			);
			name = ConjugatorStaticLibrary;
			productName = ConjugatorStaticLibrary;
			productReference = 7F82ED8E1C1FE7540091FA30 /* libConjugatorStaticLibrary.a */;
			productType = "com.apple.product-type.library.static";
		};
/* End PBXNativeTarget section */

/* Begin PBXProject section */
		7F2A943E1C1FB0B90043C915 /* Project object */ = {
			isa = PBXProject;
			attributes = {
				LastUpgradeCheck = 0720;
				ORGANIZATIONNAME = krzysp.net;
				TargetAttributes = {
					7F2A94851C1FB21B0043C915 = {
						CreatedOnToolsVersion = 6.4;
					};
					7F2A94B01C1FB2900043C915 = {
						CreatedOnToolsVersion = 6.4;
					};
					7F2A94BA1C1FB2900043C915 = {
						CreatedOnToolsVersion = 6.4;
						TestTargetID = 7F2A94851C1FB21B0043C915;
					};
					7F82ED8D1C1FE7540091FA30 = {
						CreatedOnToolsVersion = 7.2;
					};
				};
			};
			buildConfigurationList = 7F2A94411C1FB0B90043C915 /* Build configuration list for PBXProject "Conjugator" */;
			compatibilityVersion = "Xcode 3.2";
			developmentRegion = English;
			hasScannedForEncodings = 0;
			knownRegions = (
				en,
				Base,
			);
			mainGroup = 7F2A943D1C1FB0B90043C915;
			productRefGroup = 7F2A94471C1FB0B90043C915 /* Products */;
			projectDirPath = "";
			projectRoot = "";
			targets = (
				7F2A94851C1FB21B0043C915 /* SampleApplication */,
				7F2A94B01C1FB2900043C915 /* ConjugatorSharedLibrary */,
				7F82ED8D1C1FE7540091FA30 /* ConjugatorStaticLibrary */,
				7F2A94BA1C1FB2900043C915 /* ConjugatorSharedLibraryTests */,
			);
		};
/* End PBXProject section */

/* Begin PBXResourcesBuildPhase section */
		7F2A94841C1FB21B0043C915 /* Resources */ = {
			isa = PBXResourcesBuildPhase;
			buildActionMask = 2147483647;
			files = (
				7F2A94941C1FB21B0043C915 /* Main.storyboard in Resources */,
				7F2A94991C1FB21B0043C915 /* LaunchScreen.xib in Resources */,
				7F2A94961C1FB21B0043C915 /* Images.xcassets in Resources */,
			);
			runOnlyForDeploymentPostprocessing = 0;
		};
		7F2A94AF1C1FB2900043C915 /* Resources */ = {
			isa = PBXResourcesBuildPhase;
			buildActionMask = 2147483647;
			files = (
				7F2A94D61C1FB2F40043C915 /* verbs.xml in Resources */,
			);
			runOnlyForDeploymentPostprocessing = 0;
		};
		7F2A94B91C1FB2900043C915 /* Resources */ = {
			isa = PBXResourcesBuildPhase;
			buildActionMask = 2147483647;
			files = (
			);
			runOnlyForDeploymentPostprocessing = 0;
		};
/* End PBXResourcesBuildPhase section */

/* Begin PBXSourcesBuildPhase section */
		7F2A94821C1FB21B0043C915 /* Sources */ = {
			isa = PBXSourcesBuildPhase;
			buildActionMask = 2147483647;
			files = (
				7F2A94911C1FB21B0043C915 /* ViewController.m in Sources */,
				7F2A948E1C1FB21B0043C915 /* AppDelegate.m in Sources */,
				7F2A948B1C1FB21B0043C915 /* main.m in Sources */,
			);
			runOnlyForDeploymentPostprocessing = 0;
		};
		7F2A94AC1C1FB2900043C915 /* Sources */ = {
			isa = PBXSourcesBuildPhase;
			buildActionMask = 2147483647;
			files = (
				7F2A94D41C1FB2AD0043C915 /* Conjugator.m in Sources */,
			);
			runOnlyForDeploymentPostprocessing = 0;
		};
		7F2A94B71C1FB2900043C915 /* Sources */ = {
			isa = PBXSourcesBuildPhase;
			buildActionMask = 2147483647;
			files = (
				7F2A94C51C1FB2910043C915 /* ConjugatorSharedLibraryTests.m in Sources */,
			);
			runOnlyForDeploymentPostprocessing = 0;
		};
		7F82ED8A1C1FE7540091FA30 /* Sources */ = {
			isa = PBXSourcesBuildPhase;
			buildActionMask = 2147483647;
			files = (
				7F82ED931C1FE7540091FA30 /* ConjugatorStaticLibrary.m in Sources */,
				7F82ED971C1FE7610091FA30 /* Conjugator.m in Sources */,
			);
			runOnlyForDeploymentPostprocessing = 0;
		};
/* End PBXSourcesBuildPhase section */

/* Begin PBXTargetDependency section */
		7F2A94BE1C1FB2910043C915 /* PBXTargetDependency */ = {
			isa = PBXTargetDependency;
			target = 7F2A94B01C1FB2900043C915 /* ConjugatorSharedLibrary */;
			targetProxy = 7F2A94BD1C1FB2910043C915 /* PBXContainerItemProxy */;
		};
		7F2A94C01C1FB2910043C915 /* PBXTargetDependency */ = {
			isa = PBXTargetDependency;
			target = 7F2A94851C1FB21B0043C915 /* SampleApplication */;
			targetProxy = 7F2A94BF1C1FB2910043C915 /* PBXContainerItemProxy */;
		};
		7F2A94C71C1FB2910043C915 /* PBXTargetDependency */ = {
			isa = PBXTargetDependency;
			target = 7F2A94B01C1FB2900043C915 /* ConjugatorSharedLibrary */;
			targetProxy = 7F2A94C61C1FB2910043C915 /* PBXContainerItemProxy */;
		};
/* End PBXTargetDependency section */

/* Begin PBXVariantGroup section */
		7F2A94921C1FB21B0043C915 /* Main.storyboard */ = {
			isa = PBXVariantGroup;
			children = (
				7F2A94931C1FB21B0043C915 /* Base */,
			);
			name = Main.storyboard;
			sourceTree = "<group>";
		};
		7F2A94971C1FB21B0043C915 /* LaunchScreen.xib */ = {
			isa = PBXVariantGroup;
			children = (
				7F2A94981C1FB21B0043C915 /* Base */,
			);
			name = LaunchScreen.xib;
			sourceTree = "<group>";
		};
/* End PBXVariantGroup section */

/* Begin XCBuildConfiguration section */
		7F2A94581C1FB0B90043C915 /* Debug */ = {
			isa = XCBuildConfiguration;
			buildSettings = {
				ALWAYS_SEARCH_USER_PATHS = NO;
				CLANG_CXX_LANGUAGE_STANDARD = "gnu++0x";
				CLANG_CXX_LIBRARY = "libc++";
				CLANG_ENABLE_MODULES = YES;
				CLANG_ENABLE_OBJC_ARC = YES;
				CLANG_WARN_BOOL_CONVERSION = YES;
				CLANG_WARN_CONSTANT_CONVERSION = YES;
				CLANG_WARN_DIRECT_OBJC_ISA_USAGE = YES_ERROR;
				CLANG_WARN_EMPTY_BODY = YES;
				CLANG_WARN_ENUM_CONVERSION = YES;
				CLANG_WARN_INT_CONVERSION = YES;
				CLANG_WARN_OBJC_ROOT_CLASS = YES_ERROR;
				CLANG_WARN_UNREACHABLE_CODE = YES;
				CLANG_WARN__DUPLICATE_METHOD_MATCH = YES;
				COPY_PHASE_STRIP = NO;
				DEBUG_INFORMATION_FORMAT = "dwarf-with-dsym";
				ENABLE_STRICT_OBJC_MSGSEND = YES;
				GCC_C_LANGUAGE_STANDARD = gnu99;
				GCC_DYNAMIC_NO_PIC = NO;
				GCC_NO_COMMON_BLOCKS = YES;
				GCC_OPTIMIZATION_LEVEL = 0;
				GCC_PREPROCESSOR_DEFINITIONS = (
					"DEBUG=1",
					"$(inherited)",
				);
				GCC_SYMBOLS_PRIVATE_EXTERN = NO;
				GCC_WARN_64_TO_32_BIT_CONVERSION = YES;
				GCC_WARN_ABOUT_RETURN_TYPE = YES_ERROR;
				GCC_WARN_UNDECLARED_SELECTOR = YES;
				GCC_WARN_UNINITIALIZED_AUTOS = YES_AGGRESSIVE;
				GCC_WARN_UNUSED_FUNCTION = YES;
				GCC_WARN_UNUSED_VARIABLE = YES;
				IPHONEOS_DEPLOYMENT_TARGET = 8.4;
				MTL_ENABLE_DEBUG_INFO = YES;
				ONLY_ACTIVE_ARCH = YES;
				SDKROOT = iphoneos;
			};
			name = Debug;
		};
		7F2A94591C1FB0B90043C915 /* Release */ = {
			isa = XCBuildConfiguration;
			buildSettings = {
				ALWAYS_SEARCH_USER_PATHS = NO;
				CLANG_CXX_LANGUAGE_STANDARD = "gnu++0x";
				CLANG_CXX_LIBRARY = "libc++";
				CLANG_ENABLE_MODULES = YES;
				CLANG_ENABLE_OBJC_ARC = YES;
				CLANG_WARN_BOOL_CONVERSION = YES;
				CLANG_WARN_CONSTANT_CONVERSION = YES;
				CLANG_WARN_DIRECT_OBJC_ISA_USAGE = YES_ERROR;
				CLANG_WARN_EMPTY_BODY = YES;
				CLANG_WARN_ENUM_CONVERSION = YES;
				CLANG_WARN_INT_CONVERSION = YES;
				CLANG_WARN_OBJC_ROOT_CLASS = YES_ERROR;
				CLANG_WARN_UNREACHABLE_CODE = YES;
				CLANG_WARN__DUPLICATE_METHOD_MATCH = YES;
				COPY_PHASE_STRIP = NO;
				DEBUG_INFORMATION_FORMAT = "dwarf-with-dsym";
				ENABLE_NS_ASSERTIONS = NO;
				ENABLE_STRICT_OBJC_MSGSEND = YES;
				GCC_C_LANGUAGE_STANDARD = gnu99;
				GCC_NO_COMMON_BLOCKS = YES;
				GCC_WARN_64_TO_32_BIT_CONVERSION = YES;
				GCC_WARN_ABOUT_RETURN_TYPE = YES_ERROR;
				GCC_WARN_UNDECLARED_SELECTOR = YES;
				GCC_WARN_UNINITIALIZED_AUTOS = YES_AGGRESSIVE;
				GCC_WARN_UNUSED_FUNCTION = YES;
				GCC_WARN_UNUSED_VARIABLE = YES;
				IPHONEOS_DEPLOYMENT_TARGET = 8.4;
				MTL_ENABLE_DEBUG_INFO = NO;
				SDKROOT = iphoneos;
				VALIDATE_PRODUCT = YES;
			};
			name = Release;
		};
		7F2A94A71C1FB21C0043C915 /* Debug */ = {
			isa = XCBuildConfiguration;
			buildSettings = {
				ASSETCATALOG_COMPILER_APPICON_NAME = AppIcon;
				"CODE_SIGN_IDENTITY[sdk=iphoneos*]" = "iPhone Developer";
				GCC_PREPROCESSOR_DEFINITIONS = (
					"DEBUG=1",
					"$(inherited)",
				);
				INFOPLIST_FILE = SampleApplication/Info.plist;
				IPHONEOS_DEPLOYMENT_TARGET = 8.4;
				LD_RUNPATH_SEARCH_PATHS = "$(inherited) @executable_path/Frameworks";
				PRODUCT_NAME = "$(TARGET_NAME)";
				TARGETED_DEVICE_FAMILY = "1,2";
			};
			name = Debug;
		};
		7F2A94A81C1FB21C0043C915 /* Release */ = {
			isa = XCBuildConfiguration;
			buildSettings = {
				ASSETCATALOG_COMPILER_APPICON_NAME = AppIcon;
				"CODE_SIGN_IDENTITY[sdk=iphoneos*]" = "iPhone Developer";
				INFOPLIST_FILE = SampleApplication/Info.plist;
				IPHONEOS_DEPLOYMENT_TARGET = 8.4;
				LD_RUNPATH_SEARCH_PATHS = "$(inherited) @executable_path/Frameworks";
				PRODUCT_NAME = "$(TARGET_NAME)";
				TARGETED_DEVICE_FAMILY = "1,2";
			};
			name = Release;
		};
		7F2A94CB1C1FB2910043C915 /* Debug */ = {
			isa = XCBuildConfiguration;
			buildSettings = {
				"CODE_SIGN_IDENTITY[sdk=iphoneos*]" = "iPhone Developer";
				CURRENT_PROJECT_VERSION = 1;
				DEFINES_MODULE = YES;
				DYLIB_COMPATIBILITY_VERSION = 1;
				DYLIB_CURRENT_VERSION = 1;
				DYLIB_INSTALL_NAME_BASE = "@rpath";
				GCC_PREPROCESSOR_DEFINITIONS = (
					"DEBUG=1",
					"$(inherited)",
				);
				INFOPLIST_FILE = ConjugatorSharedLibrary/Info.plist;
				INSTALL_PATH = "$(LOCAL_LIBRARY_DIR)/Frameworks";
				IPHONEOS_DEPLOYMENT_TARGET = 9.2;
				LD_RUNPATH_SEARCH_PATHS = "$(inherited) @executable_path/Frameworks @loader_path/Frameworks";
				PRODUCT_NAME = "$(TARGET_NAME)";
				SKIP_INSTALL = YES;
				TARGETED_DEVICE_FAMILY = "1,2";
				VERSIONING_SYSTEM = "apple-generic";
				VERSION_INFO_PREFIX = "";
			};
			name = Debug;
		};
		7F2A94CC1C1FB2910043C915 /* Release */ = {
			isa = XCBuildConfiguration;
			buildSettings = {
				"CODE_SIGN_IDENTITY[sdk=iphoneos*]" = "iPhone Developer";
				CURRENT_PROJECT_VERSION = 1;
				DEFINES_MODULE = YES;
				DYLIB_COMPATIBILITY_VERSION = 1;
				DYLIB_CURRENT_VERSION = 1;
				DYLIB_INSTALL_NAME_BASE = "@rpath";
				INFOPLIST_FILE = ConjugatorSharedLibrary/Info.plist;
				INSTALL_PATH = "$(LOCAL_LIBRARY_DIR)/Frameworks";
				IPHONEOS_DEPLOYMENT_TARGET = 9.2;
				LD_RUNPATH_SEARCH_PATHS = "$(inherited) @executable_path/Frameworks @loader_path/Frameworks";
				PRODUCT_NAME = "$(TARGET_NAME)";
				SKIP_INSTALL = YES;
				TARGETED_DEVICE_FAMILY = "1,2";
				VERSIONING_SYSTEM = "apple-generic";
				VERSION_INFO_PREFIX = "";
			};
			name = Release;
		};
		7F2A94CF1C1FB2910043C915 /* Debug */ = {
			isa = XCBuildConfiguration;
			buildSettings = {
				"CODE_SIGN_IDENTITY[sdk=iphoneos*]" = "iPhone Developer";
				FRAMEWORK_SEARCH_PATHS = (
					"$(SDKROOT)/Developer/Library/Frameworks",
					"$(inherited)",
				);
				GCC_PREPROCESSOR_DEFINITIONS = (
					"DEBUG=1",
					"$(inherited)",
				);
				INFOPLIST_FILE = ConjugatorSharedLibraryTests/Info.plist;
				IPHONEOS_DEPLOYMENT_TARGET = 8.2;
				LD_RUNPATH_SEARCH_PATHS = "$(inherited) @executable_path/Frameworks @loader_path/Frameworks";
				PRODUCT_NAME = "$(TARGET_NAME)";
				TEST_HOST = "$(BUILT_PRODUCTS_DIR)/SampleApplication.app/SampleApplication";
			};
			name = Debug;
		};
		7F2A94D01C1FB2910043C915 /* Release */ = {
			isa = XCBuildConfiguration;
			buildSettings = {
				"CODE_SIGN_IDENTITY[sdk=iphoneos*]" = "iPhone Developer";
				FRAMEWORK_SEARCH_PATHS = (
					"$(SDKROOT)/Developer/Library/Frameworks",
					"$(inherited)",
				);
				INFOPLIST_FILE = ConjugatorSharedLibraryTests/Info.plist;
				IPHONEOS_DEPLOYMENT_TARGET = 8.2;
				LD_RUNPATH_SEARCH_PATHS = "$(inherited) @executable_path/Frameworks @loader_path/Frameworks";
				PRODUCT_NAME = "$(TARGET_NAME)";
				TEST_HOST = "$(BUILT_PRODUCTS_DIR)/SampleApplication.app/SampleApplication";
			};
			name = Release;
		};
		7F82ED941C1FE7540091FA30 /* Debug */ = {
			isa = XCBuildConfiguration;
			buildSettings = {
				"CODE_SIGN_IDENTITY[sdk=iphoneos*]" = "iPhone Developer";
				DEBUG_INFORMATION_FORMAT = dwarf;
				ENABLE_TESTABILITY = YES;
				IPHONEOS_DEPLOYMENT_TARGET = 6.0;
				OTHER_LDFLAGS = "-ObjC";
				PRODUCT_NAME = "$(TARGET_NAME)";
				SKIP_INSTALL = YES;
			};
			name = Debug;
		};
		7F82ED951C1FE7540091FA30 /* Release */ = {
			isa = XCBuildConfiguration;
			buildSettings = {
				"CODE_SIGN_IDENTITY[sdk=iphoneos*]" = "iPhone Developer";
				IPHONEOS_DEPLOYMENT_TARGET = 6.0;
				OTHER_LDFLAGS = "-ObjC";
				PRODUCT_NAME = "$(TARGET_NAME)";
				SKIP_INSTALL = YES;
			};
			name = Release;
		};
/* End XCBuildConfiguration section */

/* Begin XCConfigurationList section */
		7F2A94411C1FB0B90043C915 /* Build configuration list for PBXProject "Conjugator" */ = {
			isa = XCConfigurationList;
			buildConfigurations = (
				7F2A94581C1FB0B90043C915 /* Debug */,
				7F2A94591C1FB0B90043C915 /* Release */,
			);
			defaultConfigurationIsVisible = 0;
			defaultConfigurationName = Release;
		};
		7F2A94A61C1FB21C0043C915 /* Build configuration list for PBXNativeTarget "SampleApplication" */ = {
			isa = XCConfigurationList;
			buildConfigurations = (
				7F2A94A71C1FB21C0043C915 /* Debug */,
				7F2A94A81C1FB21C0043C915 /* Release */,
			);
			defaultConfigurationIsVisible = 0;
			defaultConfigurationName = Release;
		};
		7F2A94CA1C1FB2910043C915 /* Build configuration list for PBXNativeTarget "ConjugatorSharedLibrary" */ = {
			isa = XCConfigurationList;
			buildConfigurations = (
				7F2A94CB1C1FB2910043C915 /* Debug */,
				7F2A94CC1C1FB2910043C915 /* Release */,
			);
			defaultConfigurationIsVisible = 0;
			defaultConfigurationName = Release;
		};
		7F2A94CE1C1FB2910043C915 /* Build configuration list for PBXNativeTarget "ConjugatorSharedLibraryTests" */ = {
			isa = XCConfigurationList;
			buildConfigurations = (
				7F2A94CF1C1FB2910043C915 /* Debug */,
				7F2A94D01C1FB2910043C915 /* Release */,
			);
			defaultConfigurationIsVisible = 0;
			defaultConfigurationName = Release;
		};
		7F82ED961C1FE7540091FA30 /* Build configuration list for PBXNativeTarget "ConjugatorStaticLibrary" */ = {
			isa = XCConfigurationList;
			buildConfigurations = (
				7F82ED941C1FE7540091FA30 /* Debug */,
				7F82ED951C1FE7540091FA30 /* Release */,
			);
			defaultConfigurationIsVisible = 0;
			defaultConfigurationName = Release;
		};
/* End XCConfigurationList section */
	};
	rootObject = 7F2A943E1C1FB0B90043C915 /* Project object */;
}
